// !$*UTF8*$!
{
	archiveVersion = 1;
	classes = {
	};
	objectVersion = 56;
	objects = {

/* Begin PBXBuildFile section */
		AF0945912A1E0F6700BB1D25 /* AppDelegate.swift in Sources */ = {isa = PBXBuildFile; fileRef = AF0945902A1E0F6700BB1D25 /* AppDelegate.swift */; };
		AF0945932A1E0F6700BB1D25 /* SceneDelegate.swift in Sources */ = {isa = PBXBuildFile; fileRef = AF0945922A1E0F6700BB1D25 /* SceneDelegate.swift */; };
		AF0945952A1E0F6700BB1D25 /* ViewController.swift in Sources */ = {isa = PBXBuildFile; fileRef = AF0945942A1E0F6700BB1D25 /* ViewController.swift */; };
		AF0945982A1E0F6700BB1D25 /* Main.storyboard in Resources */ = {isa = PBXBuildFile; fileRef = AF0945962A1E0F6700BB1D25 /* Main.storyboard */; };
		AF09459A2A1E0F6900BB1D25 /* Assets.xcassets in Resources */ = {isa = PBXBuildFile; fileRef = AF0945992A1E0F6900BB1D25 /* Assets.xcassets */; };
		AF09459D2A1E0F6900BB1D25 /* LaunchScreen.storyboard in Resources */ = {isa = PBXBuildFile; fileRef = AF09459B2A1E0F6900BB1D25 /* LaunchScreen.storyboard */; };
		AF0945A62A1E0FAA00BB1D25 /* CodableCSV in Frameworks */ = {isa = PBXBuildFile; productRef = AF0945A52A1E0FAA00BB1D25 /* CodableCSV */; };
		AF0945A82A1E0FC100BB1D25 /* grams.swift in Sources */ = {isa = PBXBuildFile; fileRef = AF0945A72A1E0FC100BB1D25 /* grams.swift */; };
/* End PBXBuildFile section */

/* Begin PBXFileReference section */
		AF09458D2A1E0F6700BB1D25 /* I Ching.app */ = {isa = PBXFileReference; explicitFileType = wrapper.application; includeInIndex = 0; path = "I Ching.app"; sourceTree = BUILT_PRODUCTS_DIR; };
		AF0945902A1E0F6700BB1D25 /* AppDelegate.swift */ = {isa = PBXFileReference; lastKnownFileType = sourcecode.swift; path = AppDelegate.swift; sourceTree = "<group>"; };
		AF0945922A1E0F6700BB1D25 /* SceneDelegate.swift */ = {isa = PBXFileReference; lastKnownFileType = sourcecode.swift; path = SceneDelegate.swift; sourceTree = "<group>"; };
		AF0945942A1E0F6700BB1D25 /* ViewController.swift */ = {isa = PBXFileReference; lastKnownFileType = sourcecode.swift; path = ViewController.swift; sourceTree = "<group>"; };
		AF0945972A1E0F6700BB1D25 /* Base */ = {isa = PBXFileReference; lastKnownFileType = file.storyboard; name = Base; path = Base.lproj/Main.storyboard; sourceTree = "<group>"; };
		AF0945992A1E0F6900BB1D25 /* Assets.xcassets */ = {isa = PBXFileReference; lastKnownFileType = folder.assetcatalog; path = Assets.xcassets; sourceTree = "<group>"; };
		AF09459C2A1E0F6900BB1D25 /* Base */ = {isa = PBXFileReference; lastKnownFileType = file.storyboard; name = Base; path = Base.lproj/LaunchScreen.storyboard; sourceTree = "<group>"; };
		AF09459E2A1E0F6900BB1D25 /* Info.plist */ = {isa = PBXFileReference; lastKnownFileType = text.plist.xml; path = Info.plist; sourceTree = "<group>"; };
		AF0945A72A1E0FC100BB1D25 /* grams.swift */ = {isa = PBXFileReference; lastKnownFileType = sourcecode.swift; path = grams.swift; sourceTree = "<group>"; };
/* End PBXFileReference section */

/* Begin PBXFrameworksBuildPhase section */
		AF09458A2A1E0F6700BB1D25 /* Frameworks */ = {
			isa = PBXFrameworksBuildPhase;
			buildActionMask = 2147483647;
			files = (
				AF0945A62A1E0FAA00BB1D25 /* CodableCSV in Frameworks */,
			);
			runOnlyForDeploymentPostprocessing = 0;
		};
/* End PBXFrameworksBuildPhase section */

/* Begin PBXGroup section */
		AF0945842A1E0F6700BB1D25 = {
			isa = PBXGroup;
			children = (
				AF09458F2A1E0F6700BB1D25 /* I Ching */,
				AF09458E2A1E0F6700BB1D25 /* Products */,
			);
			sourceTree = "<group>";
		};
		AF09458E2A1E0F6700BB1D25 /* Products */ = {
			isa = PBXGroup;
			children = (
				AF09458D2A1E0F6700BB1D25 /* I Ching.app */,
			);
			name = Products;
			sourceTree = "<group>";
		};
		AF09458F2A1E0F6700BB1D25 /* I Ching */ = {
			isa = PBXGroup;
			children = (
				AF0945902A1E0F6700BB1D25 /* AppDelegate.swift */,
				AF0945922A1E0F6700BB1D25 /* SceneDelegate.swift */,
				AF0945942A1E0F6700BB1D25 /* ViewController.swift */,
				AF0945962A1E0F6700BB1D25 /* Main.storyboard */,
				AF0945992A1E0F6900BB1D25 /* Assets.xcassets */,
				AF0945A72A1E0FC100BB1D25 /* grams.swift */,
				AF09459B2A1E0F6900BB1D25 /* LaunchScreen.storyboard */,
				AF09459E2A1E0F6900BB1D25 /* Info.plist */,
			);
			path = "I Ching";
			sourceTree = "<group>";
		};
/* End PBXGroup section */

/* Begin PBXNativeTarget section */
		AF09458C2A1E0F6700BB1D25 /* I Ching */ = {
			isa = PBXNativeTarget;
			buildConfigurationList = AF0945A12A1E0F6900BB1D25 /* Build configuration list for PBXNativeTarget "I Ching" */;
			buildPhases = (
				AF0945892A1E0F6700BB1D25 /* Sources */,
				AF09458A2A1E0F6700BB1D25 /* Frameworks */,
				AF09458B2A1E0F6700BB1D25 /* Resources */,
			);
			buildRules = (
			);
			dependencies = (
			);
			name = "I Ching";
			packageProductDependencies = (
				AF0945A52A1E0FAA00BB1D25 /* CodableCSV */,
			);
			productName = "I Ching";
			productReference = AF09458D2A1E0F6700BB1D25 /* I Ching.app */;
			productType = "com.apple.product-type.application";
		};
/* End PBXNativeTarget section */

/* Begin PBXProject section */
		AF0945852A1E0F6700BB1D25 /* Project object */ = {
			isa = PBXProject;
			attributes = {
				BuildIndependentTargetsInParallel = 1;
				LastSwiftUpdateCheck = 1430;
				LastUpgradeCheck = 1430;
				TargetAttributes = {
					AF09458C2A1E0F6700BB1D25 = {
						CreatedOnToolsVersion = 14.3;
					};
				};
			};
			buildConfigurationList = AF0945882A1E0F6700BB1D25 /* Build configuration list for PBXProject "I Ching" */;
			compatibilityVersion = "Xcode 14.0";
			developmentRegion = en;
			hasScannedForEncodings = 0;
			knownRegions = (
				en,
				Base,
			);
			mainGroup = AF0945842A1E0F6700BB1D25;
			packageReferences = (
				AF0945A42A1E0FAA00BB1D25 /* XCRemoteSwiftPackageReference "CodableCSV" */,
			);
			productRefGroup = AF09458E2A1E0F6700BB1D25 /* Products */;
			projectDirPath = "";
			projectRoot = "";
			targets = (
				AF09458C2A1E0F6700BB1D25 /* I Ching */,
			);
		};
/* End PBXProject section */

/* Begin PBXResourcesBuildPhase section */
		AF09458B2A1E0F6700BB1D25 /* Resources */ = {
			isa = PBXResourcesBuildPhase;
			buildActionMask = 2147483647;
			files = (
				AF09459D2A1E0F6900BB1D25 /* LaunchScreen.storyboard in Resources */,
				AF09459A2A1E0F6900BB1D25 /* Assets.xcassets in Resources */,
				AF0945982A1E0F6700BB1D25 /* Main.storyboard in Resources */,
			);
			runOnlyForDeploymentPostprocessing = 0;
		};
/* End PBXResourcesBuildPhase section */

/* Begin PBXSourcesBuildPhase section */
		AF0945892A1E0F6700BB1D25 /* Sources */ = {
			isa = PBXSourcesBuildPhase;
			buildActionMask = 2147483647;
			files = (
				AF0945A82A1E0FC100BB1D25 /* grams.swift in Sources */,
				AF0945952A1E0F6700BB1D25 /* ViewController.swift in Sources */,
				AF0945912A1E0F6700BB1D25 /* AppDelegate.swift in Sources */,
				AF0945932A1E0F6700BB1D25 /* SceneDelegate.swift in Sources */,
			);
			runOnlyForDeploymentPostprocessing = 0;
		};
/* End PBXSourcesBuildPhase section */

/* Begin PBXVariantGroup section */
		AF0945962A1E0F6700BB1D25 /* Main.storyboard */ = {
			isa = PBXVariantGroup;
			children = (
				AF0945972A1E0F6700BB1D25 /* Base */,
			);
			name = Main.storyboard;
			sourceTree = "<group>";
		};
		AF09459B2A1E0F6900BB1D25 /* LaunchScreen.storyboard */ = {
			isa = PBXVariantGroup;
			children = (
				AF09459C2A1E0F6900BB1D25 /* Base */,
			);
			name = LaunchScreen.storyboard;
			sourceTree = "<group>";
		};
/* End PBXVariantGroup section */

/* Begin XCBuildConfiguration section */
		AF09459F2A1E0F6900BB1D25 /* Debug */ = {
			isa = XCBuildConfiguration;
			buildSettings = {
				ALWAYS_SEARCH_USER_PATHS = NO;
				CLANG_ANALYZER_NONNULL = YES;
				CLANG_ANALYZER_NUMBER_OBJECT_CONVERSION = YES_AGGRESSIVE;
				CLANG_CXX_LANGUAGE_STANDARD = "gnu++20";
				CLANG_ENABLE_MODULES = YES;
				CLANG_ENABLE_OBJC_ARC = YES;
				CLANG_ENABLE_OBJC_WEAK = YES;
				CLANG_WARN_BLOCK_CAPTURE_AUTORELEASING = YES;
				CLANG_WARN_BOOL_CONVERSION = YES;
				CLANG_WARN_COMMA = YES;
				CLANG_WARN_CONSTANT_CONVERSION = YES;
				CLANG_WARN_DEPRECATED_OBJC_IMPLEMENTATIONS = YES;
				CLANG_WARN_DIRECT_OBJC_ISA_USAGE = YES_ERROR;
				CLANG_WARN_DOCUMENTATION_COMMENTS = YES;
				CLANG_WARN_EMPTY_BODY = YES;
				CLANG_WARN_ENUM_CONVERSION = YES;
				CLANG_WARN_INFINITE_RECURSION = YES;
				CLANG_WARN_INT_CONVERSION = YES;
				CLANG_WARN_NON_LITERAL_NULL_CONVERSION = YES;
				CLANG_WARN_OBJC_IMPLICIT_RETAIN_SELF = YES;
				CLANG_WARN_OBJC_LITERAL_CONVERSION = YES;
				CLANG_WARN_OBJC_ROOT_CLASS = YES_ERROR;
				CLANG_WARN_QUOTED_INCLUDE_IN_FRAMEWORK_HEADER = YES;
				CLANG_WARN_RANGE_LOOP_ANALYSIS = YES;
				CLANG_WARN_STRICT_PROTOTYPES = YES;
				CLANG_WARN_SUSPICIOUS_MOVE = YES;
				CLANG_WARN_UNGUARDED_AVAILABILITY = YES_AGGRESSIVE;
				CLANG_WARN_UNREACHABLE_CODE = YES;
				CLANG_WARN__DUPLICATE_METHOD_MATCH = YES;
				COPY_PHASE_STRIP = NO;
				DEBUG_INFORMATION_FORMAT = dwarf;
				ENABLE_STRICT_OBJC_MSGSEND = YES;
				ENABLE_TESTABILITY = YES;
				GCC_C_LANGUAGE_STANDARD = gnu11;
				GCC_DYNAMIC_NO_PIC = NO;
				GCC_NO_COMMON_BLOCKS = YES;
				GCC_OPTIMIZATION_LEVEL = 0;
				GCC_PREPROCESSOR_DEFINITIONS = (
					"DEBUG=1",
					"$(inherited)",
				);
				GCC_WARN_64_TO_32_BIT_CONVERSION = YES;
				GCC_WARN_ABOUT_RETURN_TYPE = YES_ERROR;
				GCC_WARN_UNDECLARED_SELECTOR = YES;
				GCC_WARN_UNINITIALIZED_AUTOS = YES_AGGRESSIVE;
				GCC_WARN_UNUSED_FUNCTION = YES;
				GCC_WARN_UNUSED_VARIABLE = YES;
				IPHONEOS_DEPLOYMENT_TARGET = 16.4;
				MTL_ENABLE_DEBUG_INFO = INCLUDE_SOURCE;
				MTL_FAST_MATH = YES;
				ONLY_ACTIVE_ARCH = YES;
				SDKROOT = iphoneos;
				SWIFT_ACTIVE_COMPILATION_CONDITIONS = DEBUG;
				SWIFT_OPTIMIZATION_LEVEL = "-Onone";
			};
			name = Debug;
		};
		AF0945A02A1E0F6900BB1D25 /* Release */ = {
			isa = XCBuildConfiguration;
			buildSettings = {
				ALWAYS_SEARCH_USER_PATHS = NO;
				CLANG_ANALYZER_NONNULL = YES;
				CLANG_ANALYZER_NUMBER_OBJECT_CONVERSION = YES_AGGRESSIVE;
				CLANG_CXX_LANGUAGE_STANDARD = "gnu++20";
				CLANG_ENABLE_MODULES = YES;
				CLANG_ENABLE_OBJC_ARC = YES;
				CLANG_ENABLE_OBJC_WEAK = YES;
				CLANG_WARN_BLOCK_CAPTURE_AUTORELEASING = YES;
				CLANG_WARN_BOOL_CONVERSION = YES;
				CLANG_WARN_COMMA = YES;
				CLANG_WARN_CONSTANT_CONVERSION = YES;
				CLANG_WARN_DEPRECATED_OBJC_IMPLEMENTATIONS = YES;
				CLANG_WARN_DIRECT_OBJC_ISA_USAGE = YES_ERROR;
				CLANG_WARN_DOCUMENTATION_COMMENTS = YES;
				CLANG_WARN_EMPTY_BODY = YES;
				CLANG_WARN_ENUM_CONVERSION = YES;
				CLANG_WARN_INFINITE_RECURSION = YES;
				CLANG_WARN_INT_CONVERSION = YES;
				CLANG_WARN_NON_LITERAL_NULL_CONVERSION = YES;
				CLANG_WARN_OBJC_IMPLICIT_RETAIN_SELF = YES;
				CLANG_WARN_OBJC_LITERAL_CONVERSION = YES;
				CLANG_WARN_OBJC_ROOT_CLASS = YES_ERROR;
				CLANG_WARN_QUOTED_INCLUDE_IN_FRAMEWORK_HEADER = YES;
				CLANG_WARN_RANGE_LOOP_ANALYSIS = YES;
				CLANG_WARN_STRICT_PROTOTYPES = YES;
				CLANG_WARN_SUSPICIOUS_MOVE = YES;
				CLANG_WARN_UNGUARDED_AVAILABILITY = YES_AGGRESSIVE;
				CLANG_WARN_UNREACHABLE_CODE = YES;
				CLANG_WARN__DUPLICATE_METHOD_MATCH = YES;
				COPY_PHASE_STRIP = NO;
				DEBUG_INFORMATION_FORMAT = "dwarf-with-dsym";
				ENABLE_NS_ASSERTIONS = NO;
				ENABLE_STRICT_OBJC_MSGSEND = YES;
				GCC_C_LANGUAGE_STANDARD = gnu11;
				GCC_NO_COMMON_BLOCKS = YES;
				GCC_WARN_64_TO_32_BIT_CONVERSION = YES;
				GCC_WARN_ABOUT_RETURN_TYPE = YES_ERROR;
				GCC_WARN_UNDECLARED_SELECTOR = YES;
				GCC_WARN_UNINITIALIZED_AUTOS = YES_AGGRESSIVE;
				GCC_WARN_UNUSED_FUNCTION = YES;
				GCC_WARN_UNUSED_VARIABLE = YES;
				IPHONEOS_DEPLOYMENT_TARGET = 16.4;
				MTL_ENABLE_DEBUG_INFO = NO;
				MTL_FAST_MATH = YES;
				SDKROOT = iphoneos;
				SWIFT_COMPILATION_MODE = wholemodule;
				SWIFT_OPTIMIZATION_LEVEL = "-O";
				VALIDATE_PRODUCT = YES;
			};
			name = Release;
		};
		AF0945A22A1E0F6900BB1D25 /* Debug */ = {
			isa = XCBuildConfiguration;
			buildSettings = {
				ASSETCATALOG_COMPILER_APPICON_NAME = AppIcon;
				ASSETCATALOG_COMPILER_GLOBAL_ACCENT_COLOR_NAME = AccentColor;
				CODE_SIGN_STYLE = Automatic;
				CURRENT_PROJECT_VERSION = 1;
				DEVELOPMENT_TEAM = 7WM9U7Y583;
				GENERATE_INFOPLIST_FILE = YES;
				INFOPLIST_FILE = "I Ching/Info.plist";
				INFOPLIST_KEY_CFBundleDisplayName = "易經速記";
				INFOPLIST_KEY_UIApplicationSupportsIndirectInputEvents = YES;
				INFOPLIST_KEY_UILaunchStoryboardName = LaunchScreen;
				INFOPLIST_KEY_UIMainStoryboardFile = Main;
				INFOPLIST_KEY_UISupportedInterfaceOrientations_iPad = "UIInterfaceOrientationPortrait UIInterfaceOrientationPortraitUpsideDown UIInterfaceOrientationLandscapeLeft UIInterfaceOrientationLandscapeRight";
				INFOPLIST_KEY_UISupportedInterfaceOrientations_iPhone = "UIInterfaceOrientationPortrait UIInterfaceOrientationLandscapeLeft UIInterfaceOrientationLandscapeRight";
				IPHONEOS_DEPLOYMENT_TARGET = 16.2;
				LD_RUNPATH_SEARCH_PATHS = (
					"$(inherited)",
					"@executable_path/Frameworks",
				);
				MARKETING_VERSION = 1.0;
				PRODUCT_BUNDLE_IDENTIFIER = "pei.I-Ching";
				PRODUCT_NAME = "$(TARGET_NAME)";
				SWIFT_EMIT_LOC_STRINGS = YES;
				SWIFT_VERSION = 5.0;
				TARGETED_DEVICE_FAMILY = "1,2";
			};
			name = Debug;
		};
		AF0945A32A1E0F6900BB1D25 /* Release */ = {
			isa = XCBuildConfiguration;
			buildSettings = {
				ASSETCATALOG_COMPILER_APPICON_NAME = AppIcon;
				ASSETCATALOG_COMPILER_GLOBAL_ACCENT_COLOR_NAME = AccentColor;
				CODE_SIGN_STYLE = Automatic;
				CURRENT_PROJECT_VERSION = 1;
				DEVELOPMENT_TEAM = 7WM9U7Y583;
				GENERATE_INFOPLIST_FILE = YES;
				INFOPLIST_FILE = "I Ching/Info.plist";
				INFOPLIST_KEY_CFBundleDisplayName = "易經速記";
				INFOPLIST_KEY_UIApplicationSupportsIndirectInputEvents = YES;
				INFOPLIST_KEY_UILaunchStoryboardName = LaunchScreen;
				INFOPLIST_KEY_UIMainStoryboardFile = Main;
				INFOPLIST_KEY_UISupportedInterfaceOrientations_iPad = "UIInterfaceOrientationPortrait UIInterfaceOrientationPortraitUpsideDown UIInterfaceOrientationLandscapeLeft UIInterfaceOrientationLandscapeRight";
				INFOPLIST_KEY_UISupportedInterfaceOrientations_iPhone = "UIInterfaceOrientationPortrait UIInterfaceOrientationLandscapeLeft UIInterfaceOrientationLandscapeRight";
				IPHONEOS_DEPLOYMENT_TARGET = 16.2;
				LD_RUNPATH_SEARCH_PATHS = (
					"$(inherited)",
					"@executable_path/Frameworks",
				);
				MARKETING_VERSION = 1.0;
				PRODUCT_BUNDLE_IDENTIFIER = "pei.I-Ching";
				PRODUCT_NAME = "$(TARGET_NAME)";
				SWIFT_EMIT_LOC_STRINGS = YES;
				SWIFT_VERSION = 5.0;
				TARGETED_DEVICE_FAMILY = "1,2";
			};
			name = Release;
		};
/* End XCBuildConfiguration section */

/* Begin XCConfigurationList section */
		AF0945882A1E0F6700BB1D25 /* Build configuration list for PBXProject "I Ching" */ = {
			isa = XCConfigurationList;
			buildConfigurations = (
				AF09459F2A1E0F6900BB1D25 /* Debug */,
				AF0945A02A1E0F6900BB1D25 /* Release */,
			);
			defaultConfigurationIsVisible = 0;
			defaultConfigurationName = Release;
		};
		AF0945A12A1E0F6900BB1D25 /* Build configuration list for PBXNativeTarget "I Ching" */ = {
			isa = XCConfigurationList;
			buildConfigurations = (
				AF0945A22A1E0F6900BB1D25 /* Debug */,
				AF0945A32A1E0F6900BB1D25 /* Release */,
			);
			defaultConfigurationIsVisible = 0;
			defaultConfigurationName = Release;
		};
/* End XCConfigurationList section */

/* Begin XCRemoteSwiftPackageReference section */
		AF0945A42A1E0FAA00BB1D25 /* XCRemoteSwiftPackageReference "CodableCSV" */ = {
			isa = XCRemoteSwiftPackageReference;
			repositoryURL = "https://github.com/dehesa/CodableCSV";
			requirement = {
				kind = upToNextMajorVersion;
				minimumVersion = 0.6.7;
			};
		};
/* End XCRemoteSwiftPackageReference section */

/* Begin XCSwiftPackageProductDependency section */
		AF0945A52A1E0FAA00BB1D25 /* CodableCSV */ = {
			isa = XCSwiftPackageProductDependency;
			package = AF0945A42A1E0FAA00BB1D25 /* XCRemoteSwiftPackageReference "CodableCSV" */;
			productName = CodableCSV;
		};
/* End XCSwiftPackageProductDependency section */
	};
	rootObject = AF0945852A1E0F6700BB1D25 /* Project object */;
}
